
Microsoft Visual Studio Solution File, Format Version 12.00
# Visual Studio Version 17
VisualStudioVersion = 17.5.002.0
MinimumVisualStudioVersion = 10.0.40219.1
Project("{2150E333-8FDC-42A3-9474-1A3956D46DE8}") = "GuidedProject", "GuidedProject", "{7082C0B6-915D-4E7F-A740-198BBA3FDE2E}"
EndProject
Project("{9A19103F-16F7-4668-BE54-9A1E7A4F7556}") = "Starter", "GuidedProject\Starter\Starter.csproj", "{27ECF9F1-D46A-427D-8F2E-64B12714CCF7}"
EndProject
Project("{9A19103F-16F7-4668-BE54-9A1E7A4F7556}") = "Final", "GuidedProject\Final\Final.csproj", "{0B543436-205C-449D-9E4A-70FB13A63831}"
EndProject
Global
	GlobalSection(SolutionConfigurationPlatforms) = preSolution
		Debug|Any CPU = Debug|Any CPU
		Release|Any CPU = Release|Any CPU
	EndGlobalSection
	GlobalSection(ProjectConfigurationPlatforms) = postSolution
		{27ECF9F1-D46A-427D-8F2E-64B12714CCF7}.Debug|Any CPU.ActiveCfg = Debug|Any CPU
		{27ECF9F1-D46A-427D-8F2E-64B12714CCF7}.Debug|Any CPU.Build.0 = Debug|Any CPU
		{27ECF9F1-D46A-427D-8F2E-64B12714CCF7}.Release|Any CPU.ActiveCfg = Release|Any CPU
		{27ECF9F1-D46A-427D-8F2E-64B12714CCF7}.Release|Any CPU.Build.0 = Release|Any CPU
		{0B543436-205C-449D-9E4A-70FB13A63831}.Debug|Any CPU.ActiveCfg = Debug|Any CPU
		{0B543436-205C-449D-9E4A-70FB13A63831}.Debug|Any CPU.Build.0 = Debug|Any CPU
		{0B543436-205C-449D-9E4A-70FB13A63831}.Release|Any CPU.ActiveCfg = Release|Any CPU
		{0B543436-205C-449D-9E4A-70FB13A63831}.Release|Any CPU.Build.0 = Release|Any CPU
	EndGlobalSection
	GlobalSection(SolutionProperties) = preSolution
		HideSolutionNode = FALSE
	EndGlobalSection
	GlobalSection(NestedProjects) = preSolution
		{27ECF9F1-D46A-427D-8F2E-64B12714CCF7} = {7082C0B6-915D-4E7F-A740-198BBA3FDE2E}
		{0B543436-205C-449D-9E4A-70FB13A63831} = {7082C0B6-915D-4E7F-A740-198BBA3FDE2E}
	EndGlobalSection
	GlobalSection(ExtensibilityGlobals) = postSolution
		SolutionGuid = {093D451C-D1EB-4D50-B663-4BB90E02F1C9}
	EndGlobalSection
EndGlobal
